
Microsoft Visual Studio Solution File, Format Version 12.00
# Visual Studio 15
VisualStudioVersion = 15.0.28307.329
MinimumVisualStudioVersion = 10.0.40219.1
Project("{FAE04EC0-301F-11D3-BF4B-00C04F79EFBC}") = "StockManageWeb", "StockManageWeb\StockManageWeb.csproj", "{9148F3D1-6D3C-461C-A4CB-A5EB28BC5513}"
EndProject
Project("{FAE04EC0-301F-11D3-BF4B-00C04F79EFBC}") = "StockManageWeb.repository", "StockManageWeb.repository\StockManageWeb.repository.csproj", "{50B07A8E-59FE-4F50-B915-1B38AC083391}"
EndProject
Project("{FAE04EC0-301F-11D3-BF4B-00C04F79EFBC}") = "StockManage.Models", "StockManage.Models\StockManage.Models.csproj", "{8810158B-C893-419F-8A7C-80967385889B}"
EndProject
Project("{FAE04EC0-301F-11D3-BF4B-00C04F79EFBC}") = "StockManage.BLL", "StockManage.BLL\StockManage.BLL.csproj", "{8A97A136-A06D-4AA2-A3EA-0CB23B478AB8}"
EndProject
Project("{FAE04EC0-301F-11D3-BF4B-00C04F79EFBC}") = "StockManage.DatabaseContext", "StockManage.DatabaseContext\StockManage.DatabaseContext.csproj", "{E4C55CC2-FF71-4243-8CB1-0E2D44A97EEC}"
EndProject
Global
	GlobalSection(SolutionConfigurationPlatforms) = preSolution
		Debug|Any CPU = Debug|Any CPU
		Release|Any CPU = Release|Any CPU
	EndGlobalSection
	GlobalSection(ProjectConfigurationPlatforms) = postSolution
		{9148F3D1-6D3C-461C-A4CB-A5EB28BC5513}.Debug|Any CPU.ActiveCfg = Debug|Any CPU
		{9148F3D1-6D3C-461C-A4CB-A5EB28BC5513}.Debug|Any CPU.Build.0 = Debug|Any CPU
		{9148F3D1-6D3C-461C-A4CB-A5EB28BC5513}.Release|Any CPU.ActiveCfg = Release|Any CPU
		{9148F3D1-6D3C-461C-A4CB-A5EB28BC5513}.Release|Any CPU.Build.0 = Release|Any CPU
		{50B07A8E-59FE-4F50-B915-1B38AC083391}.Debug|Any CPU.ActiveCfg = Debug|Any CPU
		{50B07A8E-59FE-4F50-B915-1B38AC083391}.Debug|Any CPU.Build.0 = Debug|Any CPU
		{50B07A8E-59FE-4F50-B915-1B38AC083391}.Release|Any CPU.ActiveCfg = Release|Any CPU
		{50B07A8E-59FE-4F50-B915-1B38AC083391}.Release|Any CPU.Build.0 = Release|Any CPU
		{8810158B-C893-419F-8A7C-80967385889B}.Debug|Any CPU.ActiveCfg = Debug|Any CPU
		{8810158B-C893-419F-8A7C-80967385889B}.Debug|Any CPU.Build.0 = Debug|Any CPU
		{8810158B-C893-419F-8A7C-80967385889B}.Release|Any CPU.ActiveCfg = Release|Any CPU
		{8810158B-C893-419F-8A7C-80967385889B}.Release|Any CPU.Build.0 = Release|Any CPU
		{8A97A136-A06D-4AA2-A3EA-0CB23B478AB8}.Debug|Any CPU.ActiveCfg = Debug|Any CPU
		{8A97A136-A06D-4AA2-A3EA-0CB23B478AB8}.Debug|Any CPU.Build.0 = Debug|Any CPU
		{8A97A136-A06D-4AA2-A3EA-0CB23B478AB8}.Release|Any CPU.ActiveCfg = Release|Any CPU
		{8A97A136-A06D-4AA2-A3EA-0CB23B478AB8}.Release|Any CPU.Build.0 = Release|Any CPU
		{E4C55CC2-FF71-4243-8CB1-0E2D44A97EEC}.Debug|Any CPU.ActiveCfg = Debug|Any CPU
		{E4C55CC2-FF71-4243-8CB1-0E2D44A97EEC}.Debug|Any CPU.Build.0 = Debug|Any CPU
		{E4C55CC2-FF71-4243-8CB1-0E2D44A97EEC}.Release|Any CPU.ActiveCfg = Release|Any CPU
		{E4C55CC2-FF71-4243-8CB1-0E2D44A97EEC}.Release|Any CPU.Build.0 = Release|Any CPU
	EndGlobalSection
	GlobalSection(SolutionProperties) = preSolution
		HideSolutionNode = FALSE
	EndGlobalSection
	GlobalSection(ExtensibilityGlobals) = postSolution
		SolutionGuid = {CF7705BD-A734-4232-A0A7-D4C0DFC76E80}
	EndGlobalSection
EndGlobal
