
Microsoft Visual Studio Solution File, Format Version 12.00
# Visual Studio 15
VisualStudioVersion = 15.0.28010.2003
MinimumVisualStudioVersion = 10.0.40219.1
Project("{FAE04EC0-301F-11D3-BF4B-00C04F79EFBC}") = "VehicleAppPractice2", "VechicleAppPractice2\VehicleAppPractice2.csproj", "{8A78CF80-743A-4FB0-918E-158EB2D67A3D}"
EndProject
Global
	GlobalSection(SolutionConfigurationPlatforms) = preSolution
		Debug|Any CPU = Debug|Any CPU
		Release|Any CPU = Release|Any CPU
	EndGlobalSection
	GlobalSection(ProjectConfigurationPlatforms) = postSolution
		{8A78CF80-743A-4FB0-918E-158EB2D67A3D}.Debug|Any CPU.ActiveCfg = Debug|Any CPU
		{8A78CF80-743A-4FB0-918E-158EB2D67A3D}.Debug|Any CPU.Build.0 = Debug|Any CPU
		{8A78CF80-743A-4FB0-918E-158EB2D67A3D}.Release|Any CPU.ActiveCfg = Release|Any CPU
		{8A78CF80-743A-4FB0-918E-158EB2D67A3D}.Release|Any CPU.Build.0 = Release|Any CPU
	EndGlobalSection
	GlobalSection(SolutionProperties) = preSolution
		HideSolutionNode = FALSE
	EndGlobalSection
	GlobalSection(ExtensibilityGlobals) = postSolution
		SolutionGuid = {5F3AB795-A147-4E03-A3AF-D5D86F2A5837}
	EndGlobalSection
EndGlobal
