
Microsoft Visual Studio Solution File, Format Version 12.00
# Visual Studio 15
VisualStudioVersion = 15.0.28307.572
MinimumVisualStudioVersion = 10.0.40219.1
Project("{FAE04EC0-301F-11D3-BF4B-00C04F79EFBC}") = "MyMVCApp", "MyMVCApp\MyMVCApp.csproj", "{9FE02023-76C6-4C63-94B9-653D4B58EAF8}"
EndProject
Project("{FAE04EC0-301F-11D3-BF4B-00C04F79EFBC}") = "MyMVCApp.Models", "MyMVCApp.Models\MyMVCApp.Models.csproj", "{06B9E19A-1E5A-4C73-9848-6149E4BC8657}"
EndProject
Project("{FAE04EC0-301F-11D3-BF4B-00C04F79EFBC}") = "MyMVCApp.BLL", "MyMVCApp.BLL\MyMVCApp.BLL.csproj", "{529FA2FE-233A-42CF-8DDC-6AD87AD68EAC}"
EndProject
Project("{FAE04EC0-301F-11D3-BF4B-00C04F79EFBC}") = "MyMVCApp.Repository", "MyMVCApp.Repository\MyMVCApp.Repository.csproj", "{DBCB35CE-25AF-45F1-BD4B-C0775D342A65}"
EndProject
Project("{FAE04EC0-301F-11D3-BF4B-00C04F79EFBC}") = "MyMVCApp.DatabaseContext", "MyMVCApp.DatabaseContext\MyMVCApp.DatabaseContext.csproj", "{EF2C2F2F-8F84-4B67-9A66-769905C1F55B}"
EndProject
Global
	GlobalSection(SolutionConfigurationPlatforms) = preSolution
		Debug|Any CPU = Debug|Any CPU
		Release|Any CPU = Release|Any CPU
	EndGlobalSection
	GlobalSection(ProjectConfigurationPlatforms) = postSolution
		{9FE02023-76C6-4C63-94B9-653D4B58EAF8}.Debug|Any CPU.ActiveCfg = Debug|Any CPU
		{9FE02023-76C6-4C63-94B9-653D4B58EAF8}.Debug|Any CPU.Build.0 = Debug|Any CPU
		{9FE02023-76C6-4C63-94B9-653D4B58EAF8}.Release|Any CPU.ActiveCfg = Release|Any CPU
		{9FE02023-76C6-4C63-94B9-653D4B58EAF8}.Release|Any CPU.Build.0 = Release|Any CPU
		{06B9E19A-1E5A-4C73-9848-6149E4BC8657}.Debug|Any CPU.ActiveCfg = Debug|Any CPU
		{06B9E19A-1E5A-4C73-9848-6149E4BC8657}.Debug|Any CPU.Build.0 = Debug|Any CPU
		{06B9E19A-1E5A-4C73-9848-6149E4BC8657}.Release|Any CPU.ActiveCfg = Release|Any CPU
		{06B9E19A-1E5A-4C73-9848-6149E4BC8657}.Release|Any CPU.Build.0 = Release|Any CPU
		{529FA2FE-233A-42CF-8DDC-6AD87AD68EAC}.Debug|Any CPU.ActiveCfg = Debug|Any CPU
		{529FA2FE-233A-42CF-8DDC-6AD87AD68EAC}.Debug|Any CPU.Build.0 = Debug|Any CPU
		{529FA2FE-233A-42CF-8DDC-6AD87AD68EAC}.Release|Any CPU.ActiveCfg = Release|Any CPU
		{529FA2FE-233A-42CF-8DDC-6AD87AD68EAC}.Release|Any CPU.Build.0 = Release|Any CPU
		{DBCB35CE-25AF-45F1-BD4B-C0775D342A65}.Debug|Any CPU.ActiveCfg = Debug|Any CPU
		{DBCB35CE-25AF-45F1-BD4B-C0775D342A65}.Debug|Any CPU.Build.0 = Debug|Any CPU
		{DBCB35CE-25AF-45F1-BD4B-C0775D342A65}.Release|Any CPU.ActiveCfg = Release|Any CPU
		{DBCB35CE-25AF-45F1-BD4B-C0775D342A65}.Release|Any CPU.Build.0 = Release|Any CPU
		{EF2C2F2F-8F84-4B67-9A66-769905C1F55B}.Debug|Any CPU.ActiveCfg = Debug|Any CPU
		{EF2C2F2F-8F84-4B67-9A66-769905C1F55B}.Debug|Any CPU.Build.0 = Debug|Any CPU
		{EF2C2F2F-8F84-4B67-9A66-769905C1F55B}.Release|Any CPU.ActiveCfg = Release|Any CPU
		{EF2C2F2F-8F84-4B67-9A66-769905C1F55B}.Release|Any CPU.Build.0 = Release|Any CPU
	EndGlobalSection
	GlobalSection(SolutionProperties) = preSolution
		HideSolutionNode = FALSE
	EndGlobalSection
	GlobalSection(ExtensibilityGlobals) = postSolution
		SolutionGuid = {09DD718F-B3AE-4206-9F88-EEBB34D5B21F}
	EndGlobalSection
EndGlobal
