
Microsoft Visual Studio Solution File, Format Version 12.00
# Visual Studio 15
VisualStudioVersion = 15.0.28010.2003
MinimumVisualStudioVersion = 10.0.40219.1
Project("{FAE04EC0-301F-11D3-BF4B-00C04F79EFBC}") = "EmployeeSalaryAppPractice1", "EmployeeSalaryAppPractice1\EmployeeSalaryAppPractice1.csproj", "{DA1703B2-9ED4-488B-A65C-4B97A787D994}"
EndProject
Global
	GlobalSection(SolutionConfigurationPlatforms) = preSolution
		Debug|Any CPU = Debug|Any CPU
		Release|Any CPU = Release|Any CPU
	EndGlobalSection
	GlobalSection(ProjectConfigurationPlatforms) = postSolution
		{DA1703B2-9ED4-488B-A65C-4B97A787D994}.Debug|Any CPU.ActiveCfg = Debug|Any CPU
		{DA1703B2-9ED4-488B-A65C-4B97A787D994}.Debug|Any CPU.Build.0 = Debug|Any CPU
		{DA1703B2-9ED4-488B-A65C-4B97A787D994}.Release|Any CPU.ActiveCfg = Release|Any CPU
		{DA1703B2-9ED4-488B-A65C-4B97A787D994}.Release|Any CPU.Build.0 = Release|Any CPU
	EndGlobalSection
	GlobalSection(SolutionProperties) = preSolution
		HideSolutionNode = FALSE
	EndGlobalSection
	GlobalSection(ExtensibilityGlobals) = postSolution
		SolutionGuid = {1D51888F-9D61-4A09-9D28-ED4E9A517B2E}
	EndGlobalSection
EndGlobal
